# This file is autogenerated, do not edit; changes may be undone by the next 'dep ensure'.


[[projects]]
  branch = "master"
  name = "github.com/segmentio/kafka-go"
  packages = ["."]
  revision = "536dc150964a6758b374f98863976c0f7aa5956e"

[solve-meta]
  analyzer-name = "dep"
  analyzer-version = 1
  inputs-digest = "697c5efb21d8adbe4effb058ed9202435a3ed021bbe13f1f8fee9f269bf906b6"
  solver-name = "gps-cdcl"
  solver-version = 1
